// !$*UTF8*$!
{
	archiveVersion = 1;
	classes = {
	};
	objectVersion = 56;
	objects = {

/* Begin PBXBuildFile section */
		2CC1E70929DE696400CD85E3 /* ArchitecturePlaygroundApp.swift in Sources */ = {isa = PBXBuildFile; fileRef = 2CC1E70829DE696400CD85E3 /* ArchitecturePlaygroundApp.swift */; };
		2CC1E70D29DE696400CD85E3 /* Assets.xcassets in Resources */ = {isa = PBXBuildFile; fileRef = 2CC1E70C29DE696400CD85E3 /* Assets.xcassets */; };
		2CC1E71029DE696400CD85E3 /* Preview Assets.xcassets in Resources */ = {isa = PBXBuildFile; fileRef = 2CC1E70F29DE696400CD85E3 /* Preview Assets.xcassets */; };
		2CC1E71A29DE696400CD85E3 /* ArchitecturePlaygroundTests.swift in Sources */ = {isa = PBXBuildFile; fileRef = 2CC1E71929DE696400CD85E3 /* ArchitecturePlaygroundTests.swift */; };
		2CC1E72429DE696400CD85E3 /* ArchitecturePlaygroundUITests.swift in Sources */ = {isa = PBXBuildFile; fileRef = 2CC1E72329DE696400CD85E3 /* ArchitecturePlaygroundUITests.swift */; };
		2CC1E72629DE696400CD85E3 /* ArchitecturePlaygroundUITestsLaunchTests.swift in Sources */ = {isa = PBXBuildFile; fileRef = 2CC1E72529DE696400CD85E3 /* ArchitecturePlaygroundUITestsLaunchTests.swift */; };
		2CC1E73429DE698300CD85E3 /* WeatherService.swift in Sources */ = {isa = PBXBuildFile; fileRef = 2CC1E73329DE698300CD85E3 /* WeatherService.swift */; };
		2CC1E73729DE72C200CD85E3 /* WeatherData.swift in Sources */ = {isa = PBXBuildFile; fileRef = 2CC1E73629DE72C200CD85E3 /* WeatherData.swift */; };
		2CC1E73929DE72D800CD85E3 /* WeatherError.swift in Sources */ = {isa = PBXBuildFile; fileRef = 2CC1E73829DE72D800CD85E3 /* WeatherError.swift */; };
		2CC1E73B29DE734A00CD85E3 /* CurrencyService.swift in Sources */ = {isa = PBXBuildFile; fileRef = 2CC1E73A29DE734A00CD85E3 /* CurrencyService.swift */; };
		2CC1E73E29DE73AA00CD85E3 /* CurrencyError.swift in Sources */ = {isa = PBXBuildFile; fileRef = 2CC1E73D29DE73AA00CD85E3 /* CurrencyError.swift */; };
		2CC1E74029DE73C200CD85E3 /* ExchangeData.swift in Sources */ = {isa = PBXBuildFile; fileRef = 2CC1E73F29DE73C200CD85E3 /* ExchangeData.swift */; };
		2CC1E74229DE745E00CD85E3 /* TripService.swift in Sources */ = {isa = PBXBuildFile; fileRef = 2CC1E74129DE745E00CD85E3 /* TripService.swift */; };
		2CC1E74529DE74B200CD85E3 /* TripInfo.swift in Sources */ = {isa = PBXBuildFile; fileRef = 2CC1E74429DE74B200CD85E3 /* TripInfo.swift */; };
		2CC1E74729DE779600CD85E3 /* TripError.swift in Sources */ = {isa = PBXBuildFile; fileRef = 2CC1E74629DE779600CD85E3 /* TripError.swift */; };
		2CC1E74A29DE7B1200CD85E3 /* TripState.swift in Sources */ = {isa = PBXBuildFile; fileRef = 2CC1E74929DE7B1200CD85E3 /* TripState.swift */; };
		2CC1E74C29DE7E3C00CD85E3 /* TripsView.swift in Sources */ = {isa = PBXBuildFile; fileRef = 2CC1E74B29DE7E3C00CD85E3 /* TripsView.swift */; };
		2CC1E74E29DE7EBE00CD85E3 /* AddTripView.swift in Sources */ = {isa = PBXBuildFile; fileRef = 2CC1E74D29DE7EBE00CD85E3 /* AddTripView.swift */; };
		2CC1E75029DE843D00CD85E3 /* TripServiceProtocol.swift in Sources */ = {isa = PBXBuildFile; fileRef = 2CC1E74F29DE843D00CD85E3 /* TripServiceProtocol.swift */; };
		2CC1E75229DE853B00CD85E3 /* FakeTripService.swift in Sources */ = {isa = PBXBuildFile; fileRef = 2CC1E75129DE853B00CD85E3 /* FakeTripService.swift */; };
		2CC1E75429DE8BA900CD85E3 /* TripDetailView.swift in Sources */ = {isa = PBXBuildFile; fileRef = 2CC1E75329DE8BA900CD85E3 /* TripDetailView.swift */; };
		2CC1E75929DE987400CD85E3 /* WeatherServiceProtocol.swift in Sources */ = {isa = PBXBuildFile; fileRef = 2CC1E75829DE987400CD85E3 /* WeatherServiceProtocol.swift */; };
		2CC1E75B29DE988900CD85E3 /* CurrencyServiceProtocol.swift in Sources */ = {isa = PBXBuildFile; fileRef = 2CC1E75A29DE988900CD85E3 /* CurrencyServiceProtocol.swift */; };
		2CC1E75D29DE989C00CD85E3 /* FakeWeatherService.swift in Sources */ = {isa = PBXBuildFile; fileRef = 2CC1E75C29DE989C00CD85E3 /* FakeWeatherService.swift */; };
		2CC1E75F29DE98AA00CD85E3 /* FakeCurrencyService.swift in Sources */ = {isa = PBXBuildFile; fileRef = 2CC1E75E29DE98AA00CD85E3 /* FakeCurrencyService.swift */; };
/* End PBXBuildFile section */

/* Begin PBXContainerItemProxy section */
		2CC1E71629DE696400CD85E3 /* PBXContainerItemProxy */ = {
			isa = PBXContainerItemProxy;
			containerPortal = 2CC1E6FD29DE696300CD85E3 /* Project object */;
			proxyType = 1;
			remoteGlobalIDString = 2CC1E70429DE696400CD85E3;
			remoteInfo = ArchitecturePlayground;
		};
		2CC1E72029DE696400CD85E3 /* PBXContainerItemProxy */ = {
			isa = PBXContainerItemProxy;
			containerPortal = 2CC1E6FD29DE696300CD85E3 /* Project object */;
			proxyType = 1;
			remoteGlobalIDString = 2CC1E70429DE696400CD85E3;
			remoteInfo = ArchitecturePlayground;
		};
/* End PBXContainerItemProxy section */

/* Begin PBXFileReference section */
		2CC1E70529DE696400CD85E3 /* ArchitecturePlayground.app */ = {isa = PBXFileReference; explicitFileType = wrapper.application; includeInIndex = 0; path = ArchitecturePlayground.app; sourceTree = BUILT_PRODUCTS_DIR; };
		2CC1E70829DE696400CD85E3 /* ArchitecturePlaygroundApp.swift */ = {isa = PBXFileReference; lastKnownFileType = sourcecode.swift; path = ArchitecturePlaygroundApp.swift; sourceTree = "<group>"; };
		2CC1E70C29DE696400CD85E3 /* Assets.xcassets */ = {isa = PBXFileReference; lastKnownFileType = folder.assetcatalog; path = Assets.xcassets; sourceTree = "<group>"; };
		2CC1E70F29DE696400CD85E3 /* Preview Assets.xcassets */ = {isa = PBXFileReference; lastKnownFileType = folder.assetcatalog; path = "Preview Assets.xcassets"; sourceTree = "<group>"; };
		2CC1E71529DE696400CD85E3 /* ArchitecturePlaygroundTests.xctest */ = {isa = PBXFileReference; explicitFileType = wrapper.cfbundle; includeInIndex = 0; path = ArchitecturePlaygroundTests.xctest; sourceTree = BUILT_PRODUCTS_DIR; };
		2CC1E71929DE696400CD85E3 /* ArchitecturePlaygroundTests.swift */ = {isa = PBXFileReference; lastKnownFileType = sourcecode.swift; path = ArchitecturePlaygroundTests.swift; sourceTree = "<group>"; };
		2CC1E71F29DE696400CD85E3 /* ArchitecturePlaygroundUITests.xctest */ = {isa = PBXFileReference; explicitFileType = wrapper.cfbundle; includeInIndex = 0; path = ArchitecturePlaygroundUITests.xctest; sourceTree = BUILT_PRODUCTS_DIR; };
		2CC1E72329DE696400CD85E3 /* ArchitecturePlaygroundUITests.swift */ = {isa = PBXFileReference; lastKnownFileType = sourcecode.swift; path = ArchitecturePlaygroundUITests.swift; sourceTree = "<group>"; };
		2CC1E72529DE696400CD85E3 /* ArchitecturePlaygroundUITestsLaunchTests.swift */ = {isa = PBXFileReference; lastKnownFileType = sourcecode.swift; path = ArchitecturePlaygroundUITestsLaunchTests.swift; sourceTree = "<group>"; };
		2CC1E73329DE698300CD85E3 /* WeatherService.swift */ = {isa = PBXFileReference; lastKnownFileType = sourcecode.swift; path = WeatherService.swift; sourceTree = "<group>"; };
		2CC1E73629DE72C200CD85E3 /* WeatherData.swift */ = {isa = PBXFileReference; lastKnownFileType = sourcecode.swift; path = WeatherData.swift; sourceTree = "<group>"; };
		2CC1E73829DE72D800CD85E3 /* WeatherError.swift */ = {isa = PBXFileReference; lastKnownFileType = sourcecode.swift; path = WeatherError.swift; sourceTree = "<group>"; };
		2CC1E73A29DE734A00CD85E3 /* CurrencyService.swift */ = {isa = PBXFileReference; lastKnownFileType = sourcecode.swift; path = CurrencyService.swift; sourceTree = "<group>"; };
		2CC1E73D29DE73AA00CD85E3 /* CurrencyError.swift */ = {isa = PBXFileReference; lastKnownFileType = sourcecode.swift; path = CurrencyError.swift; sourceTree = "<group>"; };
		2CC1E73F29DE73C200CD85E3 /* ExchangeData.swift */ = {isa = PBXFileReference; lastKnownFileType = sourcecode.swift; path = ExchangeData.swift; sourceTree = "<group>"; };
		2CC1E74129DE745E00CD85E3 /* TripService.swift */ = {isa = PBXFileReference; lastKnownFileType = sourcecode.swift; path = TripService.swift; sourceTree = "<group>"; };
		2CC1E74429DE74B200CD85E3 /* TripInfo.swift */ = {isa = PBXFileReference; lastKnownFileType = sourcecode.swift; path = TripInfo.swift; sourceTree = "<group>"; };
		2CC1E74629DE779600CD85E3 /* TripError.swift */ = {isa = PBXFileReference; lastKnownFileType = sourcecode.swift; path = TripError.swift; sourceTree = "<group>"; };
		2CC1E74929DE7B1200CD85E3 /* TripState.swift */ = {isa = PBXFileReference; lastKnownFileType = sourcecode.swift; path = TripState.swift; sourceTree = "<group>"; };
		2CC1E74B29DE7E3C00CD85E3 /* TripsView.swift */ = {isa = PBXFileReference; lastKnownFileType = sourcecode.swift; path = TripsView.swift; sourceTree = "<group>"; };
		2CC1E74D29DE7EBE00CD85E3 /* AddTripView.swift */ = {isa = PBXFileReference; lastKnownFileType = sourcecode.swift; path = AddTripView.swift; sourceTree = "<group>"; };
		2CC1E74F29DE843D00CD85E3 /* TripServiceProtocol.swift */ = {isa = PBXFileReference; lastKnownFileType = sourcecode.swift; path = TripServiceProtocol.swift; sourceTree = "<group>"; };
		2CC1E75129DE853B00CD85E3 /* FakeTripService.swift */ = {isa = PBXFileReference; lastKnownFileType = sourcecode.swift; path = FakeTripService.swift; sourceTree = "<group>"; };
		2CC1E75329DE8BA900CD85E3 /* TripDetailView.swift */ = {isa = PBXFileReference; lastKnownFileType = sourcecode.swift; path = TripDetailView.swift; sourceTree = "<group>"; };
		2CC1E75829DE987400CD85E3 /* WeatherServiceProtocol.swift */ = {isa = PBXFileReference; lastKnownFileType = sourcecode.swift; path = WeatherServiceProtocol.swift; sourceTree = "<group>"; };
		2CC1E75A29DE988900CD85E3 /* CurrencyServiceProtocol.swift */ = {isa = PBXFileReference; lastKnownFileType = sourcecode.swift; path = CurrencyServiceProtocol.swift; sourceTree = "<group>"; };
		2CC1E75C29DE989C00CD85E3 /* FakeWeatherService.swift */ = {isa = PBXFileReference; lastKnownFileType = sourcecode.swift; path = FakeWeatherService.swift; sourceTree = "<group>"; };
		2CC1E75E29DE98AA00CD85E3 /* FakeCurrencyService.swift */ = {isa = PBXFileReference; lastKnownFileType = sourcecode.swift; path = FakeCurrencyService.swift; sourceTree = "<group>"; };
/* End PBXFileReference section */

/* Begin PBXFrameworksBuildPhase section */
		2CC1E70229DE696400CD85E3 /* Frameworks */ = {
			isa = PBXFrameworksBuildPhase;
			buildActionMask = 2147483647;
			files = (
			);
			runOnlyForDeploymentPostprocessing = 0;
		};
		2CC1E71229DE696400CD85E3 /* Frameworks */ = {
			isa = PBXFrameworksBuildPhase;
			buildActionMask = 2147483647;
			files = (
			);
			runOnlyForDeploymentPostprocessing = 0;
		};
		2CC1E71C29DE696400CD85E3 /* Frameworks */ = {
			isa = PBXFrameworksBuildPhase;
			buildActionMask = 2147483647;
			files = (
			);
			runOnlyForDeploymentPostprocessing = 0;
		};
/* End PBXFrameworksBuildPhase section */

/* Begin PBXGroup section */
		2CC1E6FC29DE696300CD85E3 = {
			isa = PBXGroup;
			children = (
				2CC1E70729DE696400CD85E3 /* ArchitecturePlayground */,
				2CC1E71829DE696400CD85E3 /* ArchitecturePlaygroundTests */,
				2CC1E72229DE696400CD85E3 /* ArchitecturePlaygroundUITests */,
				2CC1E70629DE696400CD85E3 /* Products */,
			);
			sourceTree = "<group>";
		};
		2CC1E70629DE696400CD85E3 /* Products */ = {
			isa = PBXGroup;
			children = (
				2CC1E70529DE696400CD85E3 /* ArchitecturePlayground.app */,
				2CC1E71529DE696400CD85E3 /* ArchitecturePlaygroundTests.xctest */,
				2CC1E71F29DE696400CD85E3 /* ArchitecturePlaygroundUITests.xctest */,
			);
			name = Products;
			sourceTree = "<group>";
		};
		2CC1E70729DE696400CD85E3 /* ArchitecturePlayground */ = {
			isa = PBXGroup;
			children = (
				2CC1E73229DE697600CD85E3 /* Services */,
				2CC1E74829DE7B0500CD85E3 /* Stores */,
				2CC1E75529DE900100CD85E3 /* Views */,
				2CC1E70829DE696400CD85E3 /* ArchitecturePlaygroundApp.swift */,
				2CC1E70C29DE696400CD85E3 /* Assets.xcassets */,
				2CC1E70E29DE696400CD85E3 /* Preview Content */,
			);
			path = ArchitecturePlayground;
			sourceTree = "<group>";
		};
		2CC1E70E29DE696400CD85E3 /* Preview Content */ = {
			isa = PBXGroup;
			children = (
				2CC1E70F29DE696400CD85E3 /* Preview Assets.xcassets */,
			);
			path = "Preview Content";
			sourceTree = "<group>";
		};
		2CC1E71829DE696400CD85E3 /* ArchitecturePlaygroundTests */ = {
			isa = PBXGroup;
			children = (
				2CC1E71929DE696400CD85E3 /* ArchitecturePlaygroundTests.swift */,
			);
			path = ArchitecturePlaygroundTests;
			sourceTree = "<group>";
		};
		2CC1E72229DE696400CD85E3 /* ArchitecturePlaygroundUITests */ = {
			isa = PBXGroup;
			children = (
				2CC1E72329DE696400CD85E3 /* ArchitecturePlaygroundUITests.swift */,
				2CC1E72529DE696400CD85E3 /* ArchitecturePlaygroundUITestsLaunchTests.swift */,
			);
			path = ArchitecturePlaygroundUITests;
			sourceTree = "<group>";
		};
		2CC1E73229DE697600CD85E3 /* Services */ = {
			isa = PBXGroup;
			children = (
				2CC1E73529DE72A100CD85E3 /* Weather */,
				2CC1E73C29DE73A000CD85E3 /* Currency */,
				2CC1E74329DE74A800CD85E3 /* Trip */,
			);
			path = Services;
			sourceTree = "<group>";
		};
		2CC1E73529DE72A100CD85E3 /* Weather */ = {
			isa = PBXGroup;
			children = (
				2CC1E73829DE72D800CD85E3 /* WeatherError.swift */,
				2CC1E73329DE698300CD85E3 /* WeatherService.swift */,
				2CC1E73629DE72C200CD85E3 /* WeatherData.swift */,
				2CC1E75829DE987400CD85E3 /* WeatherServiceProtocol.swift */,
				2CC1E75C29DE989C00CD85E3 /* FakeWeatherService.swift */,
			);
			path = Weather;
			sourceTree = "<group>";
		};
		2CC1E73C29DE73A000CD85E3 /* Currency */ = {
			isa = PBXGroup;
			children = (
				2CC1E75A29DE988900CD85E3 /* CurrencyServiceProtocol.swift */,
				2CC1E73A29DE734A00CD85E3 /* CurrencyService.swift */,
				2CC1E73D29DE73AA00CD85E3 /* CurrencyError.swift */,
				2CC1E73F29DE73C200CD85E3 /* ExchangeData.swift */,
				2CC1E75E29DE98AA00CD85E3 /* FakeCurrencyService.swift */,
			);
			path = Currency;
			sourceTree = "<group>";
		};
		2CC1E74329DE74A800CD85E3 /* Trip */ = {
			isa = PBXGroup;
			children = (
				2CC1E74F29DE843D00CD85E3 /* TripServiceProtocol.swift */,
				2CC1E74129DE745E00CD85E3 /* TripService.swift */,
				2CC1E74429DE74B200CD85E3 /* TripInfo.swift */,
				2CC1E74629DE779600CD85E3 /* TripError.swift */,
				2CC1E75129DE853B00CD85E3 /* FakeTripService.swift */,
			);
			path = Trip;
			sourceTree = "<group>";
		};
		2CC1E74829DE7B0500CD85E3 /* Stores */ = {
			isa = PBXGroup;
			children = (
				2CC1E74929DE7B1200CD85E3 /* TripState.swift */,
			);
			path = Stores;
			sourceTree = "<group>";
		};
		2CC1E75529DE900100CD85E3 /* Views */ = {
			isa = PBXGroup;
			children = (
				2CC1E74B29DE7E3C00CD85E3 /* TripsView.swift */,
				2CC1E74D29DE7EBE00CD85E3 /* AddTripView.swift */,
				2CC1E75329DE8BA900CD85E3 /* TripDetailView.swift */,
			);
			path = Views;
			sourceTree = "<group>";
		};
/* End PBXGroup section */

/* Begin PBXNativeTarget section */
		2CC1E70429DE696400CD85E3 /* ArchitecturePlayground */ = {
			isa = PBXNativeTarget;
			buildConfigurationList = 2CC1E72929DE696400CD85E3 /* Build configuration list for PBXNativeTarget "ArchitecturePlayground" */;
			buildPhases = (
				2CC1E70129DE696400CD85E3 /* Sources */,
				2CC1E70229DE696400CD85E3 /* Frameworks */,
				2CC1E70329DE696400CD85E3 /* Resources */,
			);
			buildRules = (
			);
			dependencies = (
			);
			name = ArchitecturePlayground;
			productName = ArchitecturePlayground;
			productReference = 2CC1E70529DE696400CD85E3 /* ArchitecturePlayground.app */;
			productType = "com.apple.product-type.application";
		};
		2CC1E71429DE696400CD85E3 /* ArchitecturePlaygroundTests */ = {
			isa = PBXNativeTarget;
			buildConfigurationList = 2CC1E72C29DE696400CD85E3 /* Build configuration list for PBXNativeTarget "ArchitecturePlaygroundTests" */;
			buildPhases = (
				2CC1E71129DE696400CD85E3 /* Sources */,
				2CC1E71229DE696400CD85E3 /* Frameworks */,
				2CC1E71329DE696400CD85E3 /* Resources */,
			);
			buildRules = (
			);
			dependencies = (
				2CC1E71729DE696400CD85E3 /* PBXTargetDependency */,
			);
			name = ArchitecturePlaygroundTests;
			productName = ArchitecturePlaygroundTests;
			productReference = 2CC1E71529DE696400CD85E3 /* ArchitecturePlaygroundTests.xctest */;
			productType = "com.apple.product-type.bundle.unit-test";
		};
		2CC1E71E29DE696400CD85E3 /* ArchitecturePlaygroundUITests */ = {
			isa = PBXNativeTarget;
			buildConfigurationList = 2CC1E72F29DE696400CD85E3 /* Build configuration list for PBXNativeTarget "ArchitecturePlaygroundUITests" */;
			buildPhases = (
				2CC1E71B29DE696400CD85E3 /* Sources */,
				2CC1E71C29DE696400CD85E3 /* Frameworks */,
				2CC1E71D29DE696400CD85E3 /* Resources */,
			);
			buildRules = (
			);
			dependencies = (
				2CC1E72129DE696400CD85E3 /* PBXTargetDependency */,
			);
			name = ArchitecturePlaygroundUITests;
			productName = ArchitecturePlaygroundUITests;
			productReference = 2CC1E71F29DE696400CD85E3 /* ArchitecturePlaygroundUITests.xctest */;
			productType = "com.apple.product-type.bundle.ui-testing";
		};
/* End PBXNativeTarget section */

/* Begin PBXProject section */
		2CC1E6FD29DE696300CD85E3 /* Project object */ = {
			isa = PBXProject;
			attributes = {
				BuildIndependentTargetsInParallel = 1;
				LastSwiftUpdateCheck = 1430;
				LastUpgradeCheck = 1430;
				TargetAttributes = {
					2CC1E70429DE696400CD85E3 = {
						CreatedOnToolsVersion = 14.3;
					};
					2CC1E71429DE696400CD85E3 = {
						CreatedOnToolsVersion = 14.3;
						TestTargetID = 2CC1E70429DE696400CD85E3;
					};
					2CC1E71E29DE696400CD85E3 = {
						CreatedOnToolsVersion = 14.3;
						TestTargetID = 2CC1E70429DE696400CD85E3;
					};
				};
			};
			buildConfigurationList = 2CC1E70029DE696300CD85E3 /* Build configuration list for PBXProject "ArchitecturePlayground" */;
			compatibilityVersion = "Xcode 14.0";
			developmentRegion = en;
			hasScannedForEncodings = 0;
			knownRegions = (
				en,
				Base,
			);
			mainGroup = 2CC1E6FC29DE696300CD85E3;
			productRefGroup = 2CC1E70629DE696400CD85E3 /* Products */;
			projectDirPath = "";
			projectRoot = "";
			targets = (
				2CC1E70429DE696400CD85E3 /* ArchitecturePlayground */,
				2CC1E71429DE696400CD85E3 /* ArchitecturePlaygroundTests */,
				2CC1E71E29DE696400CD85E3 /* ArchitecturePlaygroundUITests */,
			);
		};
/* End PBXProject section */

/* Begin PBXResourcesBuildPhase section */
		2CC1E70329DE696400CD85E3 /* Resources */ = {
			isa = PBXResourcesBuildPhase;
			buildActionMask = 2147483647;
			files = (
				2CC1E71029DE696400CD85E3 /* Preview Assets.xcassets in Resources */,
				2CC1E70D29DE696400CD85E3 /* Assets.xcassets in Resources */,
			);
			runOnlyForDeploymentPostprocessing = 0;
		};
		2CC1E71329DE696400CD85E3 /* Resources */ = {
			isa = PBXResourcesBuildPhase;
			buildActionMask = 2147483647;
			files = (
			);
			runOnlyForDeploymentPostprocessing = 0;
		};
		2CC1E71D29DE696400CD85E3 /* Resources */ = {
			isa = PBXResourcesBuildPhase;
			buildActionMask = 2147483647;
			files = (
			);
			runOnlyForDeploymentPostprocessing = 0;
		};
/* End PBXResourcesBuildPhase section */

/* Begin PBXSourcesBuildPhase section */
		2CC1E70129DE696400CD85E3 /* Sources */ = {
			isa = PBXSourcesBuildPhase;
			buildActionMask = 2147483647;
			files = (
				2CC1E73929DE72D800CD85E3 /* WeatherError.swift in Sources */,
				2CC1E74229DE745E00CD85E3 /* TripService.swift in Sources */,
				2CC1E75929DE987400CD85E3 /* WeatherServiceProtocol.swift in Sources */,
				2CC1E74E29DE7EBE00CD85E3 /* AddTripView.swift in Sources */,
				2CC1E75B29DE988900CD85E3 /* CurrencyServiceProtocol.swift in Sources */,
				2CC1E74029DE73C200CD85E3 /* ExchangeData.swift in Sources */,
				2CC1E75D29DE989C00CD85E3 /* FakeWeatherService.swift in Sources */,
				2CC1E74C29DE7E3C00CD85E3 /* TripsView.swift in Sources */,
				2CC1E74529DE74B200CD85E3 /* TripInfo.swift in Sources */,
				2CC1E75229DE853B00CD85E3 /* FakeTripService.swift in Sources */,
				2CC1E75029DE843D00CD85E3 /* TripServiceProtocol.swift in Sources */,
				2CC1E74729DE779600CD85E3 /* TripError.swift in Sources */,
				2CC1E73E29DE73AA00CD85E3 /* CurrencyError.swift in Sources */,
				2CC1E75429DE8BA900CD85E3 /* TripDetailView.swift in Sources */,
				2CC1E73B29DE734A00CD85E3 /* CurrencyService.swift in Sources */,
				2CC1E75F29DE98AA00CD85E3 /* FakeCurrencyService.swift in Sources */,
				2CC1E73429DE698300CD85E3 /* WeatherService.swift in Sources */,
				2CC1E73729DE72C200CD85E3 /* WeatherData.swift in Sources */,
				2CC1E74A29DE7B1200CD85E3 /* TripState.swift in Sources */,
				2CC1E70929DE696400CD85E3 /* ArchitecturePlaygroundApp.swift in Sources */,
			);
			runOnlyForDeploymentPostprocessing = 0;
		};
		2CC1E71129DE696400CD85E3 /* Sources */ = {
			isa = PBXSourcesBuildPhase;
			buildActionMask = 2147483647;
			files = (
				2CC1E71A29DE696400CD85E3 /* ArchitecturePlaygroundTests.swift in Sources */,
			);
			runOnlyForDeploymentPostprocessing = 0;
		};
		2CC1E71B29DE696400CD85E3 /* Sources */ = {
			isa = PBXSourcesBuildPhase;
			buildActionMask = 2147483647;
			files = (
				2CC1E72629DE696400CD85E3 /* ArchitecturePlaygroundUITestsLaunchTests.swift in Sources */,
				2CC1E72429DE696400CD85E3 /* ArchitecturePlaygroundUITests.swift in Sources */,
			);
			runOnlyForDeploymentPostprocessing = 0;
		};
/* End PBXSourcesBuildPhase section */

/* Begin PBXTargetDependency section */
		2CC1E71729DE696400CD85E3 /* PBXTargetDependency */ = {
			isa = PBXTargetDependency;
			target = 2CC1E70429DE696400CD85E3 /* ArchitecturePlayground */;
			targetProxy = 2CC1E71629DE696400CD85E3 /* PBXContainerItemProxy */;
		};
		2CC1E72129DE696400CD85E3 /* PBXTargetDependency */ = {
			isa = PBXTargetDependency;
			target = 2CC1E70429DE696400CD85E3 /* ArchitecturePlayground */;
			targetProxy = 2CC1E72029DE696400CD85E3 /* PBXContainerItemProxy */;
		};
/* End PBXTargetDependency section */

/* Begin XCBuildConfiguration section */
		2CC1E72729DE696400CD85E3 /* Debug */ = {
			isa = XCBuildConfiguration;
			buildSettings = {
				ALWAYS_SEARCH_USER_PATHS = NO;
				CLANG_ANALYZER_NONNULL = YES;
				CLANG_ANALYZER_NUMBER_OBJECT_CONVERSION = YES_AGGRESSIVE;
				CLANG_CXX_LANGUAGE_STANDARD = "gnu++20";
				CLANG_ENABLE_MODULES = YES;
				CLANG_ENABLE_OBJC_ARC = YES;
				CLANG_ENABLE_OBJC_WEAK = YES;
				CLANG_WARN_BLOCK_CAPTURE_AUTORELEASING = YES;
				CLANG_WARN_BOOL_CONVERSION = YES;
				CLANG_WARN_COMMA = YES;
				CLANG_WARN_CONSTANT_CONVERSION = YES;
				CLANG_WARN_DEPRECATED_OBJC_IMPLEMENTATIONS = YES;
				CLANG_WARN_DIRECT_OBJC_ISA_USAGE = YES_ERROR;
				CLANG_WARN_DOCUMENTATION_COMMENTS = YES;
				CLANG_WARN_EMPTY_BODY = YES;
				CLANG_WARN_ENUM_CONVERSION = YES;
				CLANG_WARN_INFINITE_RECURSION = YES;
				CLANG_WARN_INT_CONVERSION = YES;
				CLANG_WARN_NON_LITERAL_NULL_CONVERSION = YES;
				CLANG_WARN_OBJC_IMPLICIT_RETAIN_SELF = YES;
				CLANG_WARN_OBJC_LITERAL_CONVERSION = YES;
				CLANG_WARN_OBJC_ROOT_CLASS = YES_ERROR;
				CLANG_WARN_QUOTED_INCLUDE_IN_FRAMEWORK_HEADER = YES;
				CLANG_WARN_RANGE_LOOP_ANALYSIS = YES;
				CLANG_WARN_STRICT_PROTOTYPES = YES;
				CLANG_WARN_SUSPICIOUS_MOVE = YES;
				CLANG_WARN_UNGUARDED_AVAILABILITY = YES_AGGRESSIVE;
				CLANG_WARN_UNREACHABLE_CODE = YES;
				CLANG_WARN__DUPLICATE_METHOD_MATCH = YES;
				COPY_PHASE_STRIP = NO;
				DEBUG_INFORMATION_FORMAT = dwarf;
				ENABLE_STRICT_OBJC_MSGSEND = YES;
				ENABLE_TESTABILITY = YES;
				GCC_C_LANGUAGE_STANDARD = gnu11;
				GCC_DYNAMIC_NO_PIC = NO;
				GCC_NO_COMMON_BLOCKS = YES;
				GCC_OPTIMIZATION_LEVEL = 0;
				GCC_PREPROCESSOR_DEFINITIONS = (
					"DEBUG=1",
					"$(inherited)",
				);
				GCC_WARN_64_TO_32_BIT_CONVERSION = YES;
				GCC_WARN_ABOUT_RETURN_TYPE = YES_ERROR;
				GCC_WARN_UNDECLARED_SELECTOR = YES;
				GCC_WARN_UNINITIALIZED_AUTOS = YES_AGGRESSIVE;
				GCC_WARN_UNUSED_FUNCTION = YES;
				GCC_WARN_UNUSED_VARIABLE = YES;
				IPHONEOS_DEPLOYMENT_TARGET = 16.4;
				MTL_ENABLE_DEBUG_INFO = INCLUDE_SOURCE;
				MTL_FAST_MATH = YES;
				ONLY_ACTIVE_ARCH = YES;
				SDKROOT = iphoneos;
				SWIFT_ACTIVE_COMPILATION_CONDITIONS = DEBUG;
				SWIFT_OPTIMIZATION_LEVEL = "-Onone";
			};
			name = Debug;
		};
		2CC1E72829DE696400CD85E3 /* Release */ = {
			isa = XCBuildConfiguration;
			buildSettings = {
				ALWAYS_SEARCH_USER_PATHS = NO;
				CLANG_ANALYZER_NONNULL = YES;
				CLANG_ANALYZER_NUMBER_OBJECT_CONVERSION = YES_AGGRESSIVE;
				CLANG_CXX_LANGUAGE_STANDARD = "gnu++20";
				CLANG_ENABLE_MODULES = YES;
				CLANG_ENABLE_OBJC_ARC = YES;
				CLANG_ENABLE_OBJC_WEAK = YES;
				CLANG_WARN_BLOCK_CAPTURE_AUTORELEASING = YES;
				CLANG_WARN_BOOL_CONVERSION = YES;
				CLANG_WARN_COMMA = YES;
				CLANG_WARN_CONSTANT_CONVERSION = YES;
				CLANG_WARN_DEPRECATED_OBJC_IMPLEMENTATIONS = YES;
				CLANG_WARN_DIRECT_OBJC_ISA_USAGE = YES_ERROR;
				CLANG_WARN_DOCUMENTATION_COMMENTS = YES;
				CLANG_WARN_EMPTY_BODY = YES;
				CLANG_WARN_ENUM_CONVERSION = YES;
				CLANG_WARN_INFINITE_RECURSION = YES;
				CLANG_WARN_INT_CONVERSION = YES;
				CLANG_WARN_NON_LITERAL_NULL_CONVERSION = YES;
				CLANG_WARN_OBJC_IMPLICIT_RETAIN_SELF = YES;
				CLANG_WARN_OBJC_LITERAL_CONVERSION = YES;
				CLANG_WARN_OBJC_ROOT_CLASS = YES_ERROR;
				CLANG_WARN_QUOTED_INCLUDE_IN_FRAMEWORK_HEADER = YES;
				CLANG_WARN_RANGE_LOOP_ANALYSIS = YES;
				CLANG_WARN_STRICT_PROTOTYPES = YES;
				CLANG_WARN_SUSPICIOUS_MOVE = YES;
				CLANG_WARN_UNGUARDED_AVAILABILITY = YES_AGGRESSIVE;
				CLANG_WARN_UNREACHABLE_CODE = YES;
				CLANG_WARN__DUPLICATE_METHOD_MATCH = YES;
				COPY_PHASE_STRIP = NO;
				DEBUG_INFORMATION_FORMAT = "dwarf-with-dsym";
				ENABLE_NS_ASSERTIONS = NO;
				ENABLE_STRICT_OBJC_MSGSEND = YES;
				GCC_C_LANGUAGE_STANDARD = gnu11;
				GCC_NO_COMMON_BLOCKS = YES;
				GCC_WARN_64_TO_32_BIT_CONVERSION = YES;
				GCC_WARN_ABOUT_RETURN_TYPE = YES_ERROR;
				GCC_WARN_UNDECLARED_SELECTOR = YES;
				GCC_WARN_UNINITIALIZED_AUTOS = YES_AGGRESSIVE;
				GCC_WARN_UNUSED_FUNCTION = YES;
				GCC_WARN_UNUSED_VARIABLE = YES;
				IPHONEOS_DEPLOYMENT_TARGET = 16.4;
				MTL_ENABLE_DEBUG_INFO = NO;
				MTL_FAST_MATH = YES;
				SDKROOT = iphoneos;
				SWIFT_COMPILATION_MODE = wholemodule;
				SWIFT_OPTIMIZATION_LEVEL = "-O";
				VALIDATE_PRODUCT = YES;
			};
			name = Release;
		};
		2CC1E72A29DE696400CD85E3 /* Debug */ = {
			isa = XCBuildConfiguration;
			buildSettings = {
				ASSETCATALOG_COMPILER_APPICON_NAME = AppIcon;
				ASSETCATALOG_COMPILER_GLOBAL_ACCENT_COLOR_NAME = AccentColor;
				CODE_SIGN_STYLE = Automatic;
				CURRENT_PROJECT_VERSION = 1;
				DEVELOPMENT_ASSET_PATHS = "\"ArchitecturePlayground/Preview Content\"";
				ENABLE_PREVIEWS = YES;
				GENERATE_INFOPLIST_FILE = YES;
				INFOPLIST_KEY_UIApplicationSceneManifest_Generation = YES;
				INFOPLIST_KEY_UIApplicationSupportsIndirectInputEvents = YES;
				INFOPLIST_KEY_UILaunchScreen_Generation = YES;
				INFOPLIST_KEY_UISupportedInterfaceOrientations_iPad = "UIInterfaceOrientationPortrait UIInterfaceOrientationPortraitUpsideDown UIInterfaceOrientationLandscapeLeft UIInterfaceOrientationLandscapeRight";
				INFOPLIST_KEY_UISupportedInterfaceOrientations_iPhone = "UIInterfaceOrientationPortrait UIInterfaceOrientationLandscapeLeft UIInterfaceOrientationLandscapeRight";
				LD_RUNPATH_SEARCH_PATHS = (
					"$(inherited)",
					"@executable_path/Frameworks",
				);
				MARKETING_VERSION = 1.0;
				PRODUCT_BUNDLE_IDENTIFIER = com.kevinconner.ArchitecturePlayground;
				PRODUCT_NAME = "$(TARGET_NAME)";
				SWIFT_EMIT_LOC_STRINGS = YES;
				SWIFT_VERSION = 5.0;
				TARGETED_DEVICE_FAMILY = "1,2";
			};
			name = Debug;
		};
		2CC1E72B29DE696400CD85E3 /* Release */ = {
			isa = XCBuildConfiguration;
			buildSettings = {
				ASSETCATALOG_COMPILER_APPICON_NAME = AppIcon;
				ASSETCATALOG_COMPILER_GLOBAL_ACCENT_COLOR_NAME = AccentColor;
				CODE_SIGN_STYLE = Automatic;
				CURRENT_PROJECT_VERSION = 1;
				DEVELOPMENT_ASSET_PATHS = "\"ArchitecturePlayground/Preview Content\"";
				ENABLE_PREVIEWS = YES;
				GENERATE_INFOPLIST_FILE = YES;
				INFOPLIST_KEY_UIApplicationSceneManifest_Generation = YES;
				INFOPLIST_KEY_UIApplicationSupportsIndirectInputEvents = YES;
				INFOPLIST_KEY_UILaunchScreen_Generation = YES;
				INFOPLIST_KEY_UISupportedInterfaceOrientations_iPad = "UIInterfaceOrientationPortrait UIInterfaceOrientationPortraitUpsideDown UIInterfaceOrientationLandscapeLeft UIInterfaceOrientationLandscapeRight";
				INFOPLIST_KEY_UISupportedInterfaceOrientations_iPhone = "UIInterfaceOrientationPortrait UIInterfaceOrientationLandscapeLeft UIInterfaceOrientationLandscapeRight";
				LD_RUNPATH_SEARCH_PATHS = (
					"$(inherited)",
					"@executable_path/Frameworks",
				);
				MARKETING_VERSION = 1.0;
				PRODUCT_BUNDLE_IDENTIFIER = com.kevinconner.ArchitecturePlayground;
				PRODUCT_NAME = "$(TARGET_NAME)";
				SWIFT_EMIT_LOC_STRINGS = YES;
				SWIFT_VERSION = 5.0;
				TARGETED_DEVICE_FAMILY = "1,2";
			};
			name = Release;
		};
		2CC1E72D29DE696400CD85E3 /* Debug */ = {
			isa = XCBuildConfiguration;
			buildSettings = {
				ALWAYS_EMBED_SWIFT_STANDARD_LIBRARIES = YES;
				BUNDLE_LOADER = "$(TEST_HOST)";
				CODE_SIGN_STYLE = Automatic;
				CURRENT_PROJECT_VERSION = 1;
				GENERATE_INFOPLIST_FILE = YES;
				IPHONEOS_DEPLOYMENT_TARGET = 16.4;
				MARKETING_VERSION = 1.0;
				PRODUCT_BUNDLE_IDENTIFIER = com.kevinconner.ArchitecturePlaygroundTests;
				PRODUCT_NAME = "$(TARGET_NAME)";
				SWIFT_EMIT_LOC_STRINGS = NO;
				SWIFT_VERSION = 5.0;
				TARGETED_DEVICE_FAMILY = "1,2";
				TEST_HOST = "$(BUILT_PRODUCTS_DIR)/ArchitecturePlayground.app/$(BUNDLE_EXECUTABLE_FOLDER_PATH)/ArchitecturePlayground";
			};
			name = Debug;
		};
		2CC1E72E29DE696400CD85E3 /* Release */ = {
			isa = XCBuildConfiguration;
			buildSettings = {
				ALWAYS_EMBED_SWIFT_STANDARD_LIBRARIES = YES;
				BUNDLE_LOADER = "$(TEST_HOST)";
				CODE_SIGN_STYLE = Automatic;
				CURRENT_PROJECT_VERSION = 1;
				GENERATE_INFOPLIST_FILE = YES;
				IPHONEOS_DEPLOYMENT_TARGET = 16.4;
				MARKETING_VERSION = 1.0;
				PRODUCT_BUNDLE_IDENTIFIER = com.kevinconner.ArchitecturePlaygroundTests;
				PRODUCT_NAME = "$(TARGET_NAME)";
				SWIFT_EMIT_LOC_STRINGS = NO;
				SWIFT_VERSION = 5.0;
				TARGETED_DEVICE_FAMILY = "1,2";
				TEST_HOST = "$(BUILT_PRODUCTS_DIR)/ArchitecturePlayground.app/$(BUNDLE_EXECUTABLE_FOLDER_PATH)/ArchitecturePlayground";
			};
			name = Release;
		};
		2CC1E73029DE696400CD85E3 /* Debug */ = {
			isa = XCBuildConfiguration;
			buildSettings = {
				ALWAYS_EMBED_SWIFT_STANDARD_LIBRARIES = YES;
				CODE_SIGN_STYLE = Automatic;
				CURRENT_PROJECT_VERSION = 1;
				GENERATE_INFOPLIST_FILE = YES;
				MARKETING_VERSION = 1.0;
				PRODUCT_BUNDLE_IDENTIFIER = com.kevinconner.ArchitecturePlaygroundUITests;
				PRODUCT_NAME = "$(TARGET_NAME)";
				SWIFT_EMIT_LOC_STRINGS = NO;
				SWIFT_VERSION = 5.0;
				TARGETED_DEVICE_FAMILY = "1,2";
				TEST_TARGET_NAME = ArchitecturePlayground;
			};
			name = Debug;
		};
		2CC1E73129DE696400CD85E3 /* Release */ = {
			isa = XCBuildConfiguration;
			buildSettings = {
				ALWAYS_EMBED_SWIFT_STANDARD_LIBRARIES = YES;
				CODE_SIGN_STYLE = Automatic;
				CURRENT_PROJECT_VERSION = 1;
				GENERATE_INFOPLIST_FILE = YES;
				MARKETING_VERSION = 1.0;
				PRODUCT_BUNDLE_IDENTIFIER = com.kevinconner.ArchitecturePlaygroundUITests;
				PRODUCT_NAME = "$(TARGET_NAME)";
				SWIFT_EMIT_LOC_STRINGS = NO;
				SWIFT_VERSION = 5.0;
				TARGETED_DEVICE_FAMILY = "1,2";
				TEST_TARGET_NAME = ArchitecturePlayground;
			};
			name = Release;
		};
/* End XCBuildConfiguration section */

/* Begin XCConfigurationList section */
		2CC1E70029DE696300CD85E3 /* Build configuration list for PBXProject "ArchitecturePlayground" */ = {
			isa = XCConfigurationList;
			buildConfigurations = (
				2CC1E72729DE696400CD85E3 /* Debug */,
				2CC1E72829DE696400CD85E3 /* Release */,
			);
			defaultConfigurationIsVisible = 0;
			defaultConfigurationName = Release;
		};
		2CC1E72929DE696400CD85E3 /* Build configuration list for PBXNativeTarget "ArchitecturePlayground" */ = {
			isa = XCConfigurationList;
			buildConfigurations = (
				2CC1E72A29DE696400CD85E3 /* Debug */,
				2CC1E72B29DE696400CD85E3 /* Release */,
			);
			defaultConfigurationIsVisible = 0;
			defaultConfigurationName = Release;
		};
		2CC1E72C29DE696400CD85E3 /* Build configuration list for PBXNativeTarget "ArchitecturePlaygroundTests" */ = {
			isa = XCConfigurationList;
			buildConfigurations = (
				2CC1E72D29DE696400CD85E3 /* Debug */,
				2CC1E72E29DE696400CD85E3 /* Release */,
			);
			defaultConfigurationIsVisible = 0;
			defaultConfigurationName = Release;
		};
		2CC1E72F29DE696400CD85E3 /* Build configuration list for PBXNativeTarget "ArchitecturePlaygroundUITests" */ = {
			isa = XCConfigurationList;
			buildConfigurations = (
				2CC1E73029DE696400CD85E3 /* Debug */,
				2CC1E73129DE696400CD85E3 /* Release */,
			);
			defaultConfigurationIsVisible = 0;
			defaultConfigurationName = Release;
		};
/* End XCConfigurationList section */
	};
	rootObject = 2CC1E6FD29DE696300CD85E3 /* Project object */;
}
